
Microsoft Visual Studio Solution File, Format Version 12.00
# Visual Studio Version 16
VisualStudioVersion = 16.0.30907.101
MinimumVisualStudioVersion = 10.0.40219.1
Project("{9A19103F-16F7-4668-BE54-9A1E7A4F7556}") = "Game", "ConsoleApp3\Game.csproj", "{258762E6-72CC-46D0-877D-F7963CD0693E}"
EndProject
Project("{FAE04EC0-301F-11D3-BF4B-00C04F79EFBC}") = "OOP", "OOP\OOP.csproj", "{D226EA19-6B06-4BDA-A1D3-BFC9B73FA010}"
EndProject
Global
	GlobalSection(SolutionConfigurationPlatforms) = preSolution
		Debug|Any CPU = Debug|Any CPU
		Release|Any CPU = Release|Any CPU
	EndGlobalSection
	GlobalSection(ProjectConfigurationPlatforms) = postSolution
		{258762E6-72CC-46D0-877D-F7963CD0693E}.Debug|Any CPU.ActiveCfg = Debug|Any CPU
		{258762E6-72CC-46D0-877D-F7963CD0693E}.Debug|Any CPU.Build.0 = Debug|Any CPU
		{258762E6-72CC-46D0-877D-F7963CD0693E}.Release|Any CPU.ActiveCfg = Release|Any CPU
		{258762E6-72CC-46D0-877D-F7963CD0693E}.Release|Any CPU.Build.0 = Release|Any CPU
		{D226EA19-6B06-4BDA-A1D3-BFC9B73FA010}.Debug|Any CPU.ActiveCfg = Debug|Any CPU
		{D226EA19-6B06-4BDA-A1D3-BFC9B73FA010}.Debug|Any CPU.Build.0 = Debug|Any CPU
		{D226EA19-6B06-4BDA-A1D3-BFC9B73FA010}.Release|Any CPU.ActiveCfg = Release|Any CPU
		{D226EA19-6B06-4BDA-A1D3-BFC9B73FA010}.Release|Any CPU.Build.0 = Release|Any CPU
	EndGlobalSection
	GlobalSection(SolutionProperties) = preSolution
		HideSolutionNode = FALSE
	EndGlobalSection
	GlobalSection(ExtensibilityGlobals) = postSolution
		SolutionGuid = {5AF4D6D8-6EF0-4D0A-9339-5CAA23B5FCAB}
	EndGlobalSection
EndGlobal
